Microsoft Visual Studio Solution File, Format Version 12.00
# Visual Studio 15
VisualStudioVersion = 15.0.28307.329
MinimumVisualStudioVersion = 10.0.40219.1
Project("{9A19103F-16F7-4668-BE54-9A1E7A4F7556}") = "TipCalc.Shared", "TipCalc.Shared\TipCalc.Shared.csproj", "{8E93DB84-048B-4D6D-999A-FFC1F6A8C620}"
EndProject
Project("{FAE04EC0-301F-11D3-BF4B-00C04F79EFBC}") = "TipCalc.Android", "TipCalc.Android\TipCalc.Android.csproj", "{FABE111C-3E91-4B44-A1BD-7E71E1B67350}"
EndProject
Project("{FAE04EC0-301F-11D3-BF4B-00C04F79EFBC}") = "TipCalc.iOS", "TipCalc.iOS\TipCalc.iOS.csproj", "{FBBF8DBA-1470-410F-9AB7-2F3CF376DC1B}"
EndProject
Project("{FAE04EC0-301F-11D3-BF4B-00C04F79EFBC}") = "TipCalc.UWP", "TipCalc.UWP\TipCalc.UWP.csproj", "{7D597E41-0E82-4BC0-9C59-88002647FCC0}"
EndProject
Global
	GlobalSection(SolutionConfigurationPlatforms) = preSolution
		Debug|Any CPU = Debug|Any CPU
		Debug|ARM = Debug|ARM
		Debug|ARM64 = Debug|ARM64
		Debug|iPhone = Debug|iPhone
		Debug|iPhoneSimulator = Debug|iPhoneSimulator
		Debug|x64 = Debug|x64
		Debug|x86 = Debug|x86
		Release|Any CPU = Release|Any CPU
		Release|ARM = Release|ARM
		Release|ARM64 = Release|ARM64
		Release|iPhone = Release|iPhone
		Release|iPhoneSimulator = Release|iPhoneSimulator
		Release|x64 = Release|x64
		Release|x86 = Release|x86
	EndGlobalSection
	GlobalSection(ProjectConfigurationPlatforms) = postSolution
		{8E93DB84-048B-4D6D-999A-FFC1F6A8C620}.Debug|Any CPU.ActiveCfg = Debug|Any CPU
		{8E93DB84-048B-4D6D-999A-FFC1F6A8C620}.Debug|Any CPU.Build.0 = Debug|Any CPU
		{8E93DB84-048B-4D6D-999A-FFC1F6A8C620}.Debug|ARM.ActiveCfg = Debug|Any CPU
		{8E93DB84-048B-4D6D-999A-FFC1F6A8C620}.Debug|ARM.Build.0 = Debug|Any CPU
		{8E93DB84-048B-4D6D-999A-FFC1F6A8C620}.Debug|ARM64.ActiveCfg = Debug|Any CPU
		{8E93DB84-048B-4D6D-999A-FFC1F6A8C620}.Debug|ARM64.Build.0 = Debug|Any CPU
		{8E93DB84-048B-4D6D-999A-FFC1F6A8C620}.Debug|iPhone.ActiveCfg = Debug|Any CPU
		{8E93DB84-048B-4D6D-999A-FFC1F6A8C620}.Debug|iPhone.Build.0 = Debug|Any CPU
		{8E93DB84-048B-4D6D-999A-FFC1F6A8C620}.Debug|iPhoneSimulator.ActiveCfg = Debug|Any CPU
		{8E93DB84-048B-4D6D-999A-FFC1F6A8C620}.Debug|iPhoneSimulator.Build.0 = Debug|Any CPU
		{8E93DB84-048B-4D6D-999A-FFC1F6A8C620}.Debug|x64.ActiveCfg = Debug|Any CPU
		{8E93DB84-048B-4D6D-999A-FFC1F6A8C620}.Debug|x64.Build.0 = Debug|Any CPU
		{8E93DB84-048B-4D6D-999A-FFC1F6A8C620}.Debug|x86.ActiveCfg = Debug|Any CPU
		{8E93DB84-048B-4D6D-999A-FFC1F6A8C620}.Debug|x86.Build.0 = Debug|Any CPU
		{8E93DB84-048B-4D6D-999A-FFC1F6A8C620}.Release|Any CPU.ActiveCfg = Release|Any CPU
		{8E93DB84-048B-4D6D-999A-FFC1F6A8C620}.Release|Any CPU.Build.0 = Release|Any CPU
		{8E93DB84-048B-4D6D-999A-FFC1F6A8C620}.Release|ARM.ActiveCfg = Release|Any CPU
		{8E93DB84-048B-4D6D-999A-FFC1F6A8C620}.Release|ARM.Build.0 = Release|Any CPU
		{8E93DB84-048B-4D6D-999A-FFC1F6A8C620}.Release|ARM64.ActiveCfg = Release|Any CPU
		{8E93DB84-048B-4D6D-999A-FFC1F6A8C620}.Release|ARM64.Build.0 = Release|Any CPU
		{8E93DB84-048B-4D6D-999A-FFC1F6A8C620}.Release|iPhone.ActiveCfg = Release|Any CPU
		{8E93DB84-048B-4D6D-999A-FFC1F6A8C620}.Release|iPhone.Build.0 = Release|Any CPU
		{8E93DB84-048B-4D6D-999A-FFC1F6A8C620}.Release|iPhoneSimulator.ActiveCfg = Release|Any CPU
		{8E93DB84-048B-4D6D-999A-FFC1F6A8C620}.Release|iPhoneSimulator.Build.0 = Release|Any CPU
		{8E93DB84-048B-4D6D-999A-FFC1F6A8C620}.Release|x64.ActiveCfg = Release|Any CPU
		{8E93DB84-048B-4D6D-999A-FFC1F6A8C620}.Release|x64.Build.0 = Release|Any CPU
		{8E93DB84-048B-4D6D-999A-FFC1F6A8C620}.Release|x86.ActiveCfg = Release|Any CPU
		{8E93DB84-048B-4D6D-999A-FFC1F6A8C620}.Release|x86.Build.0 = Release|Any CPU
		{FABE111C-3E91-4B44-A1BD-7E71E1B67350}.Debug|Any CPU.ActiveCfg = Debug|Any CPU
		{FABE111C-3E91-4B44-A1BD-7E71E1B67350}.Debug|Any CPU.Build.0 = Debug|Any CPU
		{FABE111C-3E91-4B44-A1BD-7E71E1B67350}.Debug|ARM.ActiveCfg = Debug|Any CPU
		{FABE111C-3E91-4B44-A1BD-7E71E1B67350}.Debug|ARM.Build.0 = Debug|Any CPU
		{FABE111C-3E91-4B44-A1BD-7E71E1B67350}.Debug|ARM.Deploy.0 = Debug|Any CPU
		{FABE111C-3E91-4B44-A1BD-7E71E1B67350}.Debug|ARM64.ActiveCfg = Debug|Any CPU
		{FABE111C-3E91-4B44-A1BD-7E71E1B67350}.Debug|ARM64.Build.0 = Debug|Any CPU
		{FABE111C-3E91-4B44-A1BD-7E71E1B67350}.Debug|ARM64.Deploy.0 = Debug|Any CPU
		{FABE111C-3E91-4B44-A1BD-7E71E1B67350}.Debug|iPhone.ActiveCfg = Debug|Any CPU
		{FABE111C-3E91-4B44-A1BD-7E71E1B67350}.Debug|iPhone.Build.0 = Debug|Any CPU
		{FABE111C-3E91-4B44-A1BD-7E71E1B67350}.Debug|iPhoneSimulator.ActiveCfg = Debug|Any CPU
		{FABE111C-3E91-4B44-A1BD-7E71E1B67350}.Debug|iPhoneSimulator.Build.0 = Debug|Any CPU
		{FABE111C-3E91-4B44-A1BD-7E71E1B67350}.Debug|x64.ActiveCfg = Debug|Any CPU
		{FABE111C-3E91-4B44-A1BD-7E71E1B67350}.Debug|x64.Build.0 = Debug|Any CPU
		{FABE111C-3E91-4B44-A1BD-7E71E1B67350}.Debug|x64.Deploy.0 = Debug|Any CPU
		{FABE111C-3E91-4B44-A1BD-7E71E1B67350}.Debug|x86.ActiveCfg = Debug|Any CPU
		{FABE111C-3E91-4B44-A1BD-7E71E1B67350}.Debug|x86.Build.0 = Debug|Any CPU
		{FABE111C-3E91-4B44-A1BD-7E71E1B67350}.Debug|x86.Deploy.0 = Debug|Any CPU
		{FABE111C-3E91-4B44-A1BD-7E71E1B67350}.Release|Any CPU.ActiveCfg = Release|Any CPU
		{FABE111C-3E91-4B44-A1BD-7E71E1B67350}.Release|Any CPU.Build.0 = Release|Any CPU
		{FABE111C-3E91-4B44-A1BD-7E71E1B67350}.Release|ARM.ActiveCfg = Release|Any CPU
		{FABE111C-3E91-4B44-A1BD-7E71E1B67350}.Release|ARM.Build.0 = Release|Any CPU
		{FABE111C-3E91-4B44-A1BD-7E71E1B67350}.Release|ARM.Deploy.0 = Release|Any CPU
		{FABE111C-3E91-4B44-A1BD-7E71E1B67350}.Release|ARM64.ActiveCfg = Release|Any CPU
		{FABE111C-3E91-4B44-A1BD-7E71E1B67350}.Release|ARM64.Build.0 = Release|Any CPU
		{FABE111C-3E91-4B44-A1BD-7E71E1B67350}.Release|ARM64.Deploy.0 = Release|Any CPU
		{FABE111C-3E91-4B44-A1BD-7E71E1B67350}.Release|iPhone.ActiveCfg = Release|Any CPU
		{FABE111C-3E91-4B44-A1BD-7E71E1B67350}.Release|iPhone.Build.0 = Release|Any CPU
		{FABE111C-3E91-4B44-A1BD-7E71E1B67350}.Release|iPhoneSimulator.ActiveCfg = Release|Any CPU
		{FABE111C-3E91-4B44-A1BD-7E71E1B67350}.Release|iPhoneSimulator.Build.0 = Release|Any CPU
		{FABE111C-3E91-4B44-A1BD-7E71E1B67350}.Release|x64.ActiveCfg = Release|Any CPU
		{FABE111C-3E91-4B44-A1BD-7E71E1B67350}.Release|x64.Build.0 = Release|Any CPU
		{FABE111C-3E91-4B44-A1BD-7E71E1B67350}.Release|x64.Deploy.0 = Release|Any CPU
		{FABE111C-3E91-4B44-A1BD-7E71E1B67350}.Release|x86.ActiveCfg = Release|Any CPU
		{FABE111C-3E91-4B44-A1BD-7E71E1B67350}.Release|x86.Build.0 = Release|Any CPU
		{FABE111C-3E91-4B44-A1BD-7E71E1B67350}.Release|x86.Deploy.0 = Release|Any CPU
		{FBBF8DBA-1470-410F-9AB7-2F3CF376DC1B}.Debug|Any CPU.ActiveCfg = Debug|iPhoneSimulator
		{FBBF8DBA-1470-410F-9AB7-2F3CF376DC1B}.Debug|Any CPU.Build.0 = Debug|iPhoneSimulator
		{FBBF8DBA-1470-410F-9AB7-2F3CF376DC1B}.Debug|ARM.ActiveCfg = Debug|iPhone
		{FBBF8DBA-1470-410F-9AB7-2F3CF376DC1B}.Debug|ARM64.ActiveCfg = Debug|iPhone
		{FBBF8DBA-1470-410F-9AB7-2F3CF376DC1B}.Debug|iPhone.ActiveCfg = Debug|iPhone
		{FBBF8DBA-1470-410F-9AB7-2F3CF376DC1B}.Debug|iPhone.Build.0 = Debug|iPhone
		{FBBF8DBA-1470-410F-9AB7-2F3CF376DC1B}.Debug|iPhoneSimulator.ActiveCfg = Debug|iPhoneSimulator
		{FBBF8DBA-1470-410F-9AB7-2F3CF376DC1B}.Debug|iPhoneSimulator.Build.0 = Debug|iPhoneSimulator
		{FBBF8DBA-1470-410F-9AB7-2F3CF376DC1B}.Debug|x64.ActiveCfg = Debug|iPhone
		{FBBF8DBA-1470-410F-9AB7-2F3CF376DC1B}.Debug|x86.ActiveCfg = Debug|iPhone
		{FBBF8DBA-1470-410F-9AB7-2F3CF376DC1B}.Release|Any CPU.ActiveCfg = Release|iPhone
		{FBBF8DBA-1470-410F-9AB7-2F3CF376DC1B}.Release|Any CPU.Build.0 = Release|iPhone
		{FBBF8DBA-1470-410F-9AB7-2F3CF376DC1B}.Release|ARM.ActiveCfg = Release|iPhoneSimulator
		{FBBF8DBA-1470-410F-9AB7-2F3CF376DC1B}.Release|ARM64.ActiveCfg = Release|iPhoneSimulator
		{FBBF8DBA-1470-410F-9AB7-2F3CF376DC1B}.Release|iPhone.ActiveCfg = Release|iPhone
		{FBBF8DBA-1470-410F-9AB7-2F3CF376DC1B}.Release|iPhone.Build.0 = Release|iPhone
		{FBBF8DBA-1470-410F-9AB7-2F3CF376DC1B}.Release|iPhoneSimulator.ActiveCfg = Release|iPhoneSimulator
		{FBBF8DBA-1470-410F-9AB7-2F3CF376DC1B}.Release|iPhoneSimulator.Build.0 = Release|iPhoneSimulator
		{FBBF8DBA-1470-410F-9AB7-2F3CF376DC1B}.Release|x64.ActiveCfg = Release|iPhoneSimulator
		{FBBF8DBA-1470-410F-9AB7-2F3CF376DC1B}.Release|x86.ActiveCfg = Release|iPhoneSimulator
		{7D597E41-0E82-4BC0-9C59-88002647FCC0}.Debug|Any CPU.ActiveCfg = Debug|x86
		{7D597E41-0E82-4BC0-9C59-88002647FCC0}.Debug|ARM.ActiveCfg = Debug|ARM
		{7D597E41-0E82-4BC0-9C59-88002647FCC0}.Debug|ARM.Build.0 = Debug|ARM
		{7D597E41-0E82-4BC0-9C59-88002647FCC0}.Debug|ARM.Deploy.0 = Debug|ARM
		{7D597E41-0E82-4BC0-9C59-88002647FCC0}.Debug|ARM64.ActiveCfg = Debug|ARM64
		{7D597E41-0E82-4BC0-9C59-88002647FCC0}.Debug|ARM64.Build.0 = Debug|ARM64
		{7D597E41-0E82-4BC0-9C59-88002647FCC0}.Debug|ARM64.Deploy.0 = Debug|ARM64
		{7D597E41-0E82-4BC0-9C59-88002647FCC0}.Debug|iPhone.ActiveCfg = Debug|x86
		{7D597E41-0E82-4BC0-9C59-88002647FCC0}.Debug|iPhoneSimulator.ActiveCfg = Debug|x86
		{7D597E41-0E82-4BC0-9C59-88002647FCC0}.Debug|x64.ActiveCfg = Debug|x64
		{7D597E41-0E82-4BC0-9C59-88002647FCC0}.Debug|x64.Build.0 = Debug|x64
		{7D597E41-0E82-4BC0-9C59-88002647FCC0}.Debug|x64.Deploy.0 = Debug|x64
		{7D597E41-0E82-4BC0-9C59-88002647FCC0}.Debug|x86.ActiveCfg = Debug|x86
		{7D597E41-0E82-4BC0-9C59-88002647FCC0}.Debug|x86.Build.0 = Debug|x86
		{7D597E41-0E82-4BC0-9C59-88002647FCC0}.Debug|x86.Deploy.0 = Debug|x86
		{7D597E41-0E82-4BC0-9C59-88002647FCC0}.Release|Any CPU.ActiveCfg = Release|x86
		{7D597E41-0E82-4BC0-9C59-88002647FCC0}.Release|ARM.ActiveCfg = Release|ARM
		{7D597E41-0E82-4BC0-9C59-88002647FCC0}.Release|ARM.Build.0 = Release|ARM
		{7D597E41-0E82-4BC0-9C59-88002647FCC0}.Release|ARM.Deploy.0 = Release|ARM
		{7D597E41-0E82-4BC0-9C59-88002647FCC0}.Release|ARM64.ActiveCfg = Release|ARM64
		{7D597E41-0E82-4BC0-9C59-88002647FCC0}.Release|ARM64.Build.0 = Release|ARM64
		{7D597E41-0E82-4BC0-9C59-88002647FCC0}.Release|ARM64.Deploy.0 = Release|ARM64
		{7D597E41-0E82-4BC0-9C59-88002647FCC0}.Release|iPhone.ActiveCfg = Release|x86
		{7D597E41-0E82-4BC0-9C59-88002647FCC0}.Release|iPhoneSimulator.ActiveCfg = Release|x86
		{7D597E41-0E82-4BC0-9C59-88002647FCC0}.Release|x64.ActiveCfg = Release|x64
		{7D597E41-0E82-4BC0-9C59-88002647FCC0}.Release|x64.Build.0 = Release|x64
		{7D597E41-0E82-4BC0-9C59-88002647FCC0}.Release|x64.Deploy.0 = Release|x64
		{7D597E41-0E82-4BC0-9C59-88002647FCC0}.Release|x86.ActiveCfg = Release|x86
		{7D597E41-0E82-4BC0-9C59-88002647FCC0}.Release|x86.Build.0 = Release|x86
		{7D597E41-0E82-4BC0-9C59-88002647FCC0}.Release|x86.Deploy.0 = Release|x86
	EndGlobalSection
	GlobalSection(SolutionProperties) = preSolution
		HideSolutionNode = FALSE
	EndGlobalSection
	GlobalSection(ExtensibilityGlobals) = postSolution
		SolutionGuid = {68422DE8-2028-41A6-8689-C885974D875D}
	EndGlobalSection
	GlobalSection(MonoDevelopProperties) = preSolution
		Policies = $0
		$0.TextStylePolicy = $3
		$1.TabsToSpaces = True
		$1.scope = text/x-csharp
		$0.CSharpFormattingPolicy = $2
		$2.scope = text/x-csharp
		$3.TabsToSpaces = True
		$3.scope = text/plain
	EndGlobalSection
EndGlobal
